
Microsoft Visual Studio Solution File, Format Version 12.00
# Visual Studio Version 17
VisualStudioVersion = 17.4.33103.184
MinimumVisualStudioVersion = 10.0.40219.1
Project("{FAE04EC0-301F-11D3-BF4B-00C04F79EFBC}") = "ProductsApp", "ProductsApp\ProductsApp.csproj", "{95841664-BD4A-48F8-86EB-F84AE199095A}"
EndProject
Project("{FAE04EC0-301F-11D3-BF4B-00C04F79EFBC}") = "Serial_Example", "Serial_Example\Serial_Example.csproj", "{4522CE7F-20DA-440D-9119-875978CCCFA7}"
EndProject
Global
	GlobalSection(SolutionConfigurationPlatforms) = preSolution
		Debug|Any CPU = Debug|Any CPU
		Release|Any CPU = Release|Any CPU
	EndGlobalSection
	GlobalSection(ProjectConfigurationPlatforms) = postSolution
		{95841664-BD4A-48F8-86EB-F84AE199095A}.Debug|Any CPU.ActiveCfg = Debug|Any CPU
		{95841664-BD4A-48F8-86EB-F84AE199095A}.Debug|Any CPU.Build.0 = Debug|Any CPU
		{95841664-BD4A-48F8-86EB-F84AE199095A}.Release|Any CPU.ActiveCfg = Release|Any CPU
		{95841664-BD4A-48F8-86EB-F84AE199095A}.Release|Any CPU.Build.0 = Release|Any CPU
		{4522CE7F-20DA-440D-9119-875978CCCFA7}.Debug|Any CPU.ActiveCfg = Debug|Any CPU
		{4522CE7F-20DA-440D-9119-875978CCCFA7}.Debug|Any CPU.Build.0 = Debug|Any CPU
		{4522CE7F-20DA-440D-9119-875978CCCFA7}.Release|Any CPU.ActiveCfg = Release|Any CPU
		{4522CE7F-20DA-440D-9119-875978CCCFA7}.Release|Any CPU.Build.0 = Release|Any CPU
	EndGlobalSection
	GlobalSection(SolutionProperties) = preSolution
		HideSolutionNode = FALSE
	EndGlobalSection
	GlobalSection(ExtensibilityGlobals) = postSolution
		SolutionGuid = {577DDE3A-7DC7-4608-82B5-388F0FA9DAA2}
	EndGlobalSection
EndGlobal
